// !$*UTF8*$!
{
	archiveVersion = 1;
	classes = {
	};
	objectVersion = 46;
	objects = {

/* Begin PBXBuildFile section */
		7BFA829519B00DDB0033D2EF /* Default-568h@2x.png in Resources */ = {isa = PBXBuildFile; fileRef = 7BFA829419B00DDB0033D2EF /* Default-568h@2x.png */; };
		7BFA82C719B0217F0033D2EF /* README.md in Resources */ = {isa = PBXBuildFile; fileRef = 7BFA82C619B021600033D2EF /* README.md */; };
		7BFA82C819B0370B0033D2EF /* PDKeychainBindings.m in Sources */ = {isa = PBXBuildFile; fileRef = D39ABE6D13CA85E40078DA13 /* PDKeychainBindings.m */; };
		7BFA82C919B0370B0033D2EF /* PDKeychainBindingsController.m in Sources */ = {isa = PBXBuildFile; fileRef = D39ABE5F13CA81550078DA13 /* PDKeychainBindingsController.m */; };
		7BFA82CA19B0370C0033D2EF /* PDKeychainBindings.m in Sources */ = {isa = PBXBuildFile; fileRef = D39ABE6D13CA85E40078DA13 /* PDKeychainBindings.m */; };
		7BFA82CB19B0370C0033D2EF /* PDKeychainBindingsController.m in Sources */ = {isa = PBXBuildFile; fileRef = D39ABE5F13CA81550078DA13 /* PDKeychainBindingsController.m */; };
		D39ABE0513CA80D90078DA13 /* PDKeychainBindingsControllerOSXExampleAppDelegate.m in Sources */ = {isa = PBXBuildFile; fileRef = D39ABE0413CA80D90078DA13 /* PDKeychainBindingsControllerOSXExampleAppDelegate.m */; };
		D39ABE0813CA80D90078DA13 /* MainMenu.xib in Resources */ = {isa = PBXBuildFile; fileRef = D39ABE0613CA80D90078DA13 /* MainMenu.xib */; };
		D39ABE3713CA81090078DA13 /* PDKeychainBindingsControlleriOSExampleAppDelegate.m in Sources */ = {isa = PBXBuildFile; fileRef = D39ABE3613CA81090078DA13 /* PDKeychainBindingsControlleriOSExampleAppDelegate.m */; };
		D39ABE3A13CA81090078DA13 /* MainWindow.xib in Resources */ = {isa = PBXBuildFile; fileRef = D39ABE3813CA81090078DA13 /* MainWindow.xib */; };
		D39ABE3D13CA81090078DA13 /* PDKeychainBindingsControlleriOSExampleViewController.m in Sources */ = {isa = PBXBuildFile; fileRef = D39ABE3C13CA81090078DA13 /* PDKeychainBindingsControlleriOSExampleViewController.m */; };
		D39ABE4013CA81090078DA13 /* PDKeychainBindingsControlleriOSExampleViewController.xib in Resources */ = {isa = PBXBuildFile; fileRef = D39ABE3E13CA81090078DA13 /* PDKeychainBindingsControlleriOSExampleViewController.xib */; };
		D39ABE6013CA81550078DA13 /* PDKeychainBindingsController.m in Sources */ = {isa = PBXBuildFile; fileRef = D39ABE5F13CA81550078DA13 /* PDKeychainBindingsController.m */; };
		D39ABE6213CA81550078DA13 /* PDKeychainBindingsController.m in Sources */ = {isa = PBXBuildFile; fileRef = D39ABE5F13CA81550078DA13 /* PDKeychainBindingsController.m */; };
		D39ABE6E13CA85E40078DA13 /* PDKeychainBindings.m in Sources */ = {isa = PBXBuildFile; fileRef = D39ABE6D13CA85E40078DA13 /* PDKeychainBindings.m */; };
		D39ABE7013CA85E40078DA13 /* PDKeychainBindings.m in Sources */ = {isa = PBXBuildFile; fileRef = D39ABE6D13CA85E40078DA13 /* PDKeychainBindings.m */; };
		D39ABE7F13CA87A60078DA13 /* PDKeychainBindingsControllerTest.m in Sources */ = {isa = PBXBuildFile; fileRef = D39ABE7E13CA87A60078DA13 /* PDKeychainBindingsControllerTest.m */; };
		D39ABE8513CA8C620078DA13 /* PDKeychainBindingsTest.m in Sources */ = {isa = PBXBuildFile; fileRef = D39ABE8413CA8C620078DA13 /* PDKeychainBindingsTest.m */; };
		D3E9E09A13CF6C3600775AB0 /* PDKeychainBindingsTest.m in Sources */ = {isa = PBXBuildFile; fileRef = D3E9E09913CF6C3600775AB0 /* PDKeychainBindingsTest.m */; };
/* End PBXBuildFile section */

/* Begin PBXContainerItemProxy section */
		D39ABE1013CA80D90078DA13 /* PBXContainerItemProxy */ = {
			isa = PBXContainerItemProxy;
			containerPortal = D39ABDA513CA80B50078DA13 /* Project object */;
			proxyType = 1;
			remoteGlobalIDString = D39ABDEE13CA80D90078DA13;
			remoteInfo = PDKeychainBindingsControllerOSXExample;
		};
		D39ABE4A13CA81090078DA13 /* PBXContainerItemProxy */ = {
			isa = PBXContainerItemProxy;
			containerPortal = D39ABDA513CA80B50078DA13 /* Project object */;
			proxyType = 1;
			remoteGlobalIDString = D39ABE2613CA81090078DA13;
			remoteInfo = PDKeychainBindingsControlleriOSExample;
		};
/* End PBXContainerItemProxy section */

/* Begin PBXFileReference section */
		7BFA829419B00DDB0033D2EF /* Default-568h@2x.png */ = {isa = PBXFileReference; lastKnownFileType = image.png; name = "Default-568h@2x.png"; path = "../Default-568h@2x.png"; sourceTree = "<group>"; };
		7BFA82C619B021600033D2EF /* README.md */ = {isa = PBXFileReference; lastKnownFileType = text; path = README.md; sourceTree = "<group>"; };
		D39ABDEF13CA80D90078DA13 /* PDKeychainBCOSXExample.app */ = {isa = PBXFileReference; explicitFileType = wrapper.application; includeInIndex = 0; path = PDKeychainBCOSXExample.app; sourceTree = BUILT_PRODUCTS_DIR; };
		D39ABDF913CA80D90078DA13 /* PDKeychainBindingsControllerOSXExample-Info.plist */ = {isa = PBXFileReference; lastKnownFileType = text.plist.xml; path = "PDKeychainBindingsControllerOSXExample-Info.plist"; sourceTree = "<group>"; };
		D39ABE0413CA80D90078DA13 /* PDKeychainBindingsControllerOSXExampleAppDelegate.m */ = {isa = PBXFileReference; lastKnownFileType = sourcecode.c.objc; path = PDKeychainBindingsControllerOSXExampleAppDelegate.m; sourceTree = "<group>"; };
		D39ABE0713CA80D90078DA13 /* en */ = {isa = PBXFileReference; lastKnownFileType = file.xib; name = en; path = en.lproj/MainMenu.xib; sourceTree = "<group>"; };
		D39ABE0E13CA80D90078DA13 /* PDKeychainBindingsControllerOSXExampleTests.octest */ = {isa = PBXFileReference; explicitFileType = wrapper.cfbundle; includeInIndex = 0; path = PDKeychainBindingsControllerOSXExampleTests.octest; sourceTree = BUILT_PRODUCTS_DIR; };
		D39ABE1413CA80D90078DA13 /* PDKeychainBindingsControllerTests-Info.plist */ = {isa = PBXFileReference; lastKnownFileType = text.plist.xml; path = "PDKeychainBindingsControllerTests-Info.plist"; sourceTree = "<group>"; };
		D39ABE1813CA80D90078DA13 /* PDKeychainBindingsControllerTests-Prefix.pch */ = {isa = PBXFileReference; lastKnownFileType = sourcecode.c.h; path = "PDKeychainBindingsControllerTests-Prefix.pch"; sourceTree = SOURCE_ROOT; };
		D39ABE2713CA81090078DA13 /* PDKeychainBindingsControlleriOSExample.app */ = {isa = PBXFileReference; explicitFileType = wrapper.application; includeInIndex = 0; path = PDKeychainBindingsControlleriOSExample.app; sourceTree = BUILT_PRODUCTS_DIR; };
		D39ABE2E13CA81090078DA13 /* PDKeychainBindingsControlleriOSExample-Info.plist */ = {isa = PBXFileReference; lastKnownFileType = text.plist.xml; path = "PDKeychainBindingsControlleriOSExample-Info.plist"; sourceTree = "<group>"; };
		D39ABE3213CA81090078DA13 /* PDKeychainBindingsControlleriOSExample-Prefix.pch */ = {isa = PBXFileReference; lastKnownFileType = sourcecode.c.h; path = "PDKeychainBindingsControlleriOSExample-Prefix.pch"; sourceTree = "<group>"; };
		D39ABE3513CA81090078DA13 /* PDKeychainBindingsControlleriOSExampleAppDelegate.h */ = {isa = PBXFileReference; lastKnownFileType = sourcecode.c.h; path = PDKeychainBindingsControlleriOSExampleAppDelegate.h; sourceTree = "<group>"; };
		D39ABE3613CA81090078DA13 /* PDKeychainBindingsControlleriOSExampleAppDelegate.m */ = {isa = PBXFileReference; lastKnownFileType = sourcecode.c.objc; path = PDKeychainBindingsControlleriOSExampleAppDelegate.m; sourceTree = "<group>"; };
		D39ABE3913CA81090078DA13 /* en */ = {isa = PBXFileReference; lastKnownFileType = file.xib; name = en; path = en.lproj/MainWindow.xib; sourceTree = "<group>"; };
		D39ABE3B13CA81090078DA13 /* PDKeychainBindingsControlleriOSExampleViewController.h */ = {isa = PBXFileReference; lastKnownFileType = sourcecode.c.h; path = PDKeychainBindingsControlleriOSExampleViewController.h; sourceTree = "<group>"; };
		D39ABE3C13CA81090078DA13 /* PDKeychainBindingsControlleriOSExampleViewController.m */ = {isa = PBXFileReference; lastKnownFileType = sourcecode.c.objc; path = PDKeychainBindingsControlleriOSExampleViewController.m; sourceTree = "<group>"; };
		D39ABE3F13CA81090078DA13 /* en */ = {isa = PBXFileReference; lastKnownFileType = file.xib; name = en; path = en.lproj/PDKeychainBindingsControlleriOSExampleViewController.xib; sourceTree = "<group>"; };
		D39ABE4613CA81090078DA13 /* PDKeychainBindingsControlleriOSExampleTests.octest */ = {isa = PBXFileReference; explicitFileType = wrapper.cfbundle; includeInIndex = 0; path = PDKeychainBindingsControlleriOSExampleTests.octest; sourceTree = BUILT_PRODUCTS_DIR; };
		D39ABE5E13CA81550078DA13 /* PDKeychainBindingsController.h */ = {isa = PBXFileReference; fileEncoding = 4; lastKnownFileType = sourcecode.c.h; name = PDKeychainBindingsController.h; path = PDKeychainBindingsController/PDKeychainBindingsController.h; sourceTree = "<group>"; };
		D39ABE5F13CA81550078DA13 /* PDKeychainBindingsController.m */ = {isa = PBXFileReference; fileEncoding = 4; lastKnownFileType = sourcecode.c.objc; name = PDKeychainBindingsController.m; path = PDKeychainBindingsController/PDKeychainBindingsController.m; sourceTree = "<group>"; };
		D39ABE6C13CA85E40078DA13 /* PDKeychainBindings.h */ = {isa = PBXFileReference; fileEncoding = 4; lastKnownFileType = sourcecode.c.h; name = PDKeychainBindings.h; path = PDKeychainBindingsController/PDKeychainBindings.h; sourceTree = "<group>"; };
		D39ABE6D13CA85E40078DA13 /* PDKeychainBindings.m */ = {isa = PBXFileReference; fileEncoding = 4; lastKnownFileType = sourcecode.c.objc; name = PDKeychainBindings.m; path = PDKeychainBindingsController/PDKeychainBindings.m; sourceTree = "<group>"; };
		D39ABE7E13CA87A60078DA13 /* PDKeychainBindingsControllerTest.m */ = {isa = PBXFileReference; fileEncoding = 4; lastKnownFileType = sourcecode.c.objc; path = PDKeychainBindingsControllerTest.m; sourceTree = "<group>"; };
		D39ABE8313CA8C620078DA13 /* PDKeychainBindingsTest.h */ = {isa = PBXFileReference; fileEncoding = 4; lastKnownFileType = sourcecode.c.h; path = PDKeychainBindingsTest.h; sourceTree = "<group>"; };
		D39ABE8413CA8C620078DA13 /* PDKeychainBindingsTest.m */ = {isa = PBXFileReference; fileEncoding = 4; lastKnownFileType = sourcecode.c.objc; path = PDKeychainBindingsTest.m; sourceTree = "<group>"; };
		D3E9E09913CF6C3600775AB0 /* PDKeychainBindingsTest.m */ = {isa = PBXFileReference; fileEncoding = 4; lastKnownFileType = sourcecode.c.objc; path = PDKeychainBindingsTest.m; sourceTree = "<group>"; };
/* End PBXFileReference section */

/* Begin PBXFrameworksBuildPhase section */
		D39ABDEC13CA80D90078DA13 /* Frameworks */ = {
			isa = PBXFrameworksBuildPhase;
			buildActionMask = 2147483647;
			files = (
			);
			runOnlyForDeploymentPostprocessing = 0;
		};
		D39ABE2413CA81090078DA13 /* Frameworks */ = {
			isa = PBXFrameworksBuildPhase;
			buildActionMask = 2147483647;
			files = (
			);
			runOnlyForDeploymentPostprocessing = 0;
		};
/* End PBXFrameworksBuildPhase section */

/* Begin PBXGroup section */
		D39ABDA313CA80B50078DA13 = {
			isa = PBXGroup;
			children = (
				7BFA82C619B021600033D2EF /* README.md */,
				D39ABE6C13CA85E40078DA13 /* PDKeychainBindings.h */,
				D39ABE6D13CA85E40078DA13 /* PDKeychainBindings.m */,
				D39ABE5E13CA81550078DA13 /* PDKeychainBindingsController.h */,
				D39ABE5F13CA81550078DA13 /* PDKeychainBindingsController.m */,
				D39ABDAF13CA80B50078DA13 /* Products */,
			);
			sourceTree = "<group>";
		};
		D39ABDAF13CA80B50078DA13 /* Products */ = {
			isa = PBXGroup;
			children = (
				D39ABE2C13CA81090078DA13 /* iOS */,
				D39ABDF713CA80D90078DA13 /* OSX */,
				D39ABE1413CA80D90078DA13 /* PDKeychainBindingsControllerTests-Info.plist */,
				D39ABE1813CA80D90078DA13 /* PDKeychainBindingsControllerTests-Prefix.pch */,
			);
			name = Products;
			sourceTree = "<group>";
		};
		D39ABDF713CA80D90078DA13 /* OSX */ = {
			isa = PBXGroup;
			children = (
				D39ABDEF13CA80D90078DA13 /* PDKeychainBCOSXExample.app */,
				D39ABE1213CA80D90078DA13 /* OSX Tests */,
				D39ABE0413CA80D90078DA13 /* PDKeychainBindingsControllerOSXExampleAppDelegate.m */,
				D39ABE0613CA80D90078DA13 /* MainMenu.xib */,
				D39ABDF913CA80D90078DA13 /* PDKeychainBindingsControllerOSXExample-Info.plist */,
			);
			name = OSX;
			path = PDKeychainBindingsControllerOSXExample;
			sourceTree = "<group>";
		};
		D39ABE1213CA80D90078DA13 /* OSX Tests */ = {
			isa = PBXGroup;
			children = (
				D39ABE0E13CA80D90078DA13 /* PDKeychainBindingsControllerOSXExampleTests.octest */,
				D39ABE7E13CA87A60078DA13 /* PDKeychainBindingsControllerTest.m */,
				D3E9E09913CF6C3600775AB0 /* PDKeychainBindingsTest.m */,
			);
			name = "OSX Tests";
			path = PDKeychainBindingsControllerOSXExampleTests;
			sourceTree = SOURCE_ROOT;
		};
		D39ABE2C13CA81090078DA13 /* iOS */ = {
			isa = PBXGroup;
			children = (
				D39ABE2713CA81090078DA13 /* PDKeychainBindingsControlleriOSExample.app */,
				D39ABE4C13CA81090078DA13 /* iOS Tests */,
				D39ABE3513CA81090078DA13 /* PDKeychainBindingsControlleriOSExampleAppDelegate.h */,
				D39ABE3613CA81090078DA13 /* PDKeychainBindingsControlleriOSExampleAppDelegate.m */,
				D39ABE3813CA81090078DA13 /* MainWindow.xib */,
				D39ABE3B13CA81090078DA13 /* PDKeychainBindingsControlleriOSExampleViewController.h */,
				D39ABE3C13CA81090078DA13 /* PDKeychainBindingsControlleriOSExampleViewController.m */,
				D39ABE3E13CA81090078DA13 /* PDKeychainBindingsControlleriOSExampleViewController.xib */,
				D39ABE2D13CA81090078DA13 /* Supporting Files */,
			);
			name = iOS;
			path = PDKeychainBindingsControlleriOSExample;
			sourceTree = "<group>";
		};
		D39ABE2D13CA81090078DA13 /* Supporting Files */ = {
			isa = PBXGroup;
			children = (
				7BFA829419B00DDB0033D2EF /* Default-568h@2x.png */,
				D39ABE2E13CA81090078DA13 /* PDKeychainBindingsControlleriOSExample-Info.plist */,
				D39ABE3213CA81090078DA13 /* PDKeychainBindingsControlleriOSExample-Prefix.pch */,
			);
			name = "Supporting Files";
			sourceTree = "<group>";
		};
		D39ABE4C13CA81090078DA13 /* iOS Tests */ = {
			isa = PBXGroup;
			children = (
				D39ABE4613CA81090078DA13 /* PDKeychainBindingsControlleriOSExampleTests.octest */,
				D39ABE8313CA8C620078DA13 /* PDKeychainBindingsTest.h */,
				D39ABE8413CA8C620078DA13 /* PDKeychainBindingsTest.m */,
			);
			name = "iOS Tests";
			path = PDKeychainBindingsControlleriOSExampleTests;
			sourceTree = SOURCE_ROOT;
		};
/* End PBXGroup section */

/* Begin PBXNativeTarget section */
		D39ABDEE13CA80D90078DA13 /* PDKeychainBCOSXExample */ = {
			isa = PBXNativeTarget;
			buildConfigurationList = D39ABE1D13CA80D90078DA13 /* Build configuration list for PBXNativeTarget "PDKeychainBCOSXExample" */;
			buildPhases = (
				D39ABDEB13CA80D90078DA13 /* Sources */,
				D39ABDEC13CA80D90078DA13 /* Frameworks */,
				D39ABDED13CA80D90078DA13 /* Resources */,
			);
			buildRules = (
			);
			dependencies = (
			);
			name = PDKeychainBCOSXExample;
			productName = PDKeychainBindingsControllerOSXExample;
			productReference = D39ABDEF13CA80D90078DA13 /* PDKeychainBCOSXExample.app */;
			productType = "com.apple.product-type.application";
		};
		D39ABE0D13CA80D90078DA13 /* PDKeychainBCOSXTests */ = {
			isa = PBXNativeTarget;
			buildConfigurationList = D39ABE2013CA80D90078DA13 /* Build configuration list for PBXNativeTarget "PDKeychainBCOSXTests" */;
			buildPhases = (
				D39ABE0913CA80D90078DA13 /* Sources */,
			);
			buildRules = (
			);
			dependencies = (
				D39ABE1113CA80D90078DA13 /* PBXTargetDependency */,
			);
			name = PDKeychainBCOSXTests;
			productName = PDKeychainBindingsControllerOSXExampleTests;
			productReference = D39ABE0E13CA80D90078DA13 /* PDKeychainBindingsControllerOSXExampleTests.octest */;
			productType = "com.apple.product-type.bundle";
		};
		D39ABE2613CA81090078DA13 /* PDKeychainBCiOSExample */ = {
			isa = PBXNativeTarget;
			buildConfigurationList = D39ABE5713CA81090078DA13 /* Build configuration list for PBXNativeTarget "PDKeychainBCiOSExample" */;
			buildPhases = (
				D39ABE2313CA81090078DA13 /* Sources */,
				D39ABE2413CA81090078DA13 /* Frameworks */,
				D39ABE2513CA81090078DA13 /* Resources */,
			);
			buildRules = (
			);
			dependencies = (
			);
			name = PDKeychainBCiOSExample;
			productName = PDKeychainBindingsControlleriOSExample;
			productReference = D39ABE2713CA81090078DA13 /* PDKeychainBindingsControlleriOSExample.app */;
			productType = "com.apple.product-type.application";
		};
		D39ABE4513CA81090078DA13 /* PDKeychainBCiOSTests */ = {
			isa = PBXNativeTarget;
			buildConfigurationList = D39ABE5A13CA81090078DA13 /* Build configuration list for PBXNativeTarget "PDKeychainBCiOSTests" */;
			buildPhases = (
				D39ABE4113CA81090078DA13 /* Sources */,
			);
			buildRules = (
			);
			dependencies = (
				D39ABE4B13CA81090078DA13 /* PBXTargetDependency */,
			);
			name = PDKeychainBCiOSTests;
			productName = PDKeychainBindingsControlleriOSExampleTests;
			productReference = D39ABE4613CA81090078DA13 /* PDKeychainBindingsControlleriOSExampleTests.octest */;
			productType = "com.apple.product-type.bundle";
		};
/* End PBXNativeTarget section */

/* Begin PBXProject section */
		D39ABDA513CA80B50078DA13 /* Project object */ = {
			isa = PBXProject;
			attributes = {
				LastUpgradeCheck = 0510;
				ORGANIZATIONNAME = "PDAgent, LLC";
			};
			buildConfigurationList = D39ABDA813CA80B50078DA13 /* Build configuration list for PBXProject "PDKeychainBindingsController" */;
			compatibilityVersion = "Xcode 3.2";
			developmentRegion = English;
			hasScannedForEncodings = 0;
			knownRegions = (
				en,
			);
			mainGroup = D39ABDA313CA80B50078DA13;
			productRefGroup = D39ABDAF13CA80B50078DA13 /* Products */;
			projectDirPath = "";
			projectRoot = "";
			targets = (
				D39ABDEE13CA80D90078DA13 /* PDKeychainBCOSXExample */,
				D39ABE0D13CA80D90078DA13 /* PDKeychainBCOSXTests */,
				D39ABE2613CA81090078DA13 /* PDKeychainBCiOSExample */,
				D39ABE4513CA81090078DA13 /* PDKeychainBCiOSTests */,
			);
		};
/* End PBXProject section */

/* Begin PBXResourcesBuildPhase section */
		D39ABDED13CA80D90078DA13 /* Resources */ = {
			isa = PBXResourcesBuildPhase;
			buildActionMask = 2147483647;
			files = (
				7BFA82C719B0217F0033D2EF /* README.md in Resources */,
				D39ABE0813CA80D90078DA13 /* MainMenu.xib in Resources */,
			);
			runOnlyForDeploymentPostprocessing = 0;
		};
		D39ABE2513CA81090078DA13 /* Resources */ = {
			isa = PBXResourcesBuildPhase;
			buildActionMask = 2147483647;
			files = (
				D39ABE3A13CA81090078DA13 /* MainWindow.xib in Resources */,
				D39ABE4013CA81090078DA13 /* PDKeychainBindingsControlleriOSExampleViewController.xib in Resources */,
				7BFA829519B00DDB0033D2EF /* Default-568h@2x.png in Resources */,
			);
			runOnlyForDeploymentPostprocessing = 0;
		};
/* End PBXResourcesBuildPhase section */

/* Begin PBXSourcesBuildPhase section */
		D39ABDEB13CA80D90078DA13 /* Sources */ = {
			isa = PBXSourcesBuildPhase;
			buildActionMask = 2147483647;
			files = (
				D39ABE0513CA80D90078DA13 /* PDKeychainBindingsControllerOSXExampleAppDelegate.m in Sources */,
				D39ABE6013CA81550078DA13 /* PDKeychainBindingsController.m in Sources */,
				D39ABE6E13CA85E40078DA13 /* PDKeychainBindings.m in Sources */,
			);
			runOnlyForDeploymentPostprocessing = 0;
		};
		D39ABE0913CA80D90078DA13 /* Sources */ = {
			isa = PBXSourcesBuildPhase;
			buildActionMask = 2147483647;
			files = (
				7BFA82CA19B0370C0033D2EF /* PDKeychainBindings.m in Sources */,
				D39ABE7F13CA87A60078DA13 /* PDKeychainBindingsControllerTest.m in Sources */,
				D3E9E09A13CF6C3600775AB0 /* PDKeychainBindingsTest.m in Sources */,
				7BFA82CB19B0370C0033D2EF /* PDKeychainBindingsController.m in Sources */,
			);
			runOnlyForDeploymentPostprocessing = 0;
		};
		D39ABE2313CA81090078DA13 /* Sources */ = {
			isa = PBXSourcesBuildPhase;
			buildActionMask = 2147483647;
			files = (
				D39ABE3713CA81090078DA13 /* PDKeychainBindingsControlleriOSExampleAppDelegate.m in Sources */,
				D39ABE3D13CA81090078DA13 /* PDKeychainBindingsControlleriOSExampleViewController.m in Sources */,
				D39ABE6213CA81550078DA13 /* PDKeychainBindingsController.m in Sources */,
				D39ABE7013CA85E40078DA13 /* PDKeychainBindings.m in Sources */,
			);
			runOnlyForDeploymentPostprocessing = 0;
		};
		D39ABE4113CA81090078DA13 /* Sources */ = {
			isa = PBXSourcesBuildPhase;
			buildActionMask = 2147483647;
			files = (
				D39ABE8513CA8C620078DA13 /* PDKeychainBindingsTest.m in Sources */,
				7BFA82C919B0370B0033D2EF /* PDKeychainBindingsController.m in Sources */,
				7BFA82C819B0370B0033D2EF /* PDKeychainBindings.m in Sources */,
			);
			runOnlyForDeploymentPostprocessing = 0;
		};
/* End PBXSourcesBuildPhase section */

/* Begin PBXTargetDependency section */
		D39ABE1113CA80D90078DA13 /* PBXTargetDependency */ = {
			isa = PBXTargetDependency;
			target = D39ABDEE13CA80D90078DA13 /* PDKeychainBCOSXExample */;
			targetProxy = D39ABE1013CA80D90078DA13 /* PBXContainerItemProxy */;
		};
		D39ABE4B13CA81090078DA13 /* PBXTargetDependency */ = {
			isa = PBXTargetDependency;
			target = D39ABE2613CA81090078DA13 /* PDKeychainBCiOSExample */;
			targetProxy = D39ABE4A13CA81090078DA13 /* PBXContainerItemProxy */;
		};
/* End PBXTargetDependency section */

/* Begin PBXVariantGroup section */
		D39ABE0613CA80D90078DA13 /* MainMenu.xib */ = {
			isa = PBXVariantGroup;
			children = (
				D39ABE0713CA80D90078DA13 /* en */,
			);
			name = MainMenu.xib;
			sourceTree = "<group>";
		};
		D39ABE3813CA81090078DA13 /* MainWindow.xib */ = {
			isa = PBXVariantGroup;
			children = (
				D39ABE3913CA81090078DA13 /* en */,
			);
			name = MainWindow.xib;
			sourceTree = "<group>";
		};
		D39ABE3E13CA81090078DA13 /* PDKeychainBindingsControlleriOSExampleViewController.xib */ = {
			isa = PBXVariantGroup;
			children = (
				D39ABE3F13CA81090078DA13 /* en */,
			);
			name = PDKeychainBindingsControlleriOSExampleViewController.xib;
			sourceTree = "<group>";
		};
/* End PBXVariantGroup section */

/* Begin XCBuildConfiguration section */
		D39ABDE313CA80B50078DA13 /* Debug */ = {
			isa = XCBuildConfiguration;
			buildSettings = {
				CLANG_ENABLE_MODULES = YES;
				CLANG_ENABLE_OBJC_ARC = YES;
				"CODE_SIGN_IDENTITY[sdk=iphoneos*]" = "iPhone Developer";
				GCC_OPTIMIZATION_LEVEL = 0;
				GCC_PREPROCESSOR_DEFINITIONS = DEBUG;
				GCC_SYMBOLS_PRIVATE_EXTERN = NO;
				GCC_WARN_ABOUT_RETURN_TYPE = YES;
				GCC_WARN_UNUSED_VARIABLE = YES;
				ONLY_ACTIVE_ARCH = YES;
				SDKROOT = iphoneos;
			};
			name = Debug;
		};
		D39ABDE413CA80B50078DA13 /* Release */ = {
			isa = XCBuildConfiguration;
			buildSettings = {
				CLANG_ENABLE_MODULES = YES;
				CLANG_ENABLE_OBJC_ARC = YES;
				"CODE_SIGN_IDENTITY[sdk=iphoneos*]" = "iPhone Developer";
				GCC_WARN_ABOUT_RETURN_TYPE = YES;
				GCC_WARN_UNUSED_VARIABLE = YES;
				OTHER_CFLAGS = "-DNS_BLOCK_ASSERTIONS=1";
				SDKROOT = iphoneos;
			};
			name = Release;
		};
		D39ABE1E13CA80D90078DA13 /* Debug */ = {
			isa = XCBuildConfiguration;
			buildSettings = {
				ALWAYS_SEARCH_USER_PATHS = NO;
				CLANG_ENABLE_OBJC_ARC = YES;
				COMBINE_HIDPI_IMAGES = YES;
				COPY_PHASE_STRIP = NO;
				GCC_DYNAMIC_NO_PIC = NO;
				GCC_ENABLE_OBJC_EXCEPTIONS = YES;
				GCC_VERSION = com.apple.compilers.llvm.clang.1_0;
				GCC_WARN_64_TO_32_BIT_CONVERSION = YES;
				INFOPLIST_FILE = "PDKeychainBindingsControllerOSXExample/PDKeychainBindingsControllerOSXExample-Info.plist";
				MACOSX_DEPLOYMENT_TARGET = 10.7;
				ONLY_ACTIVE_ARCH = YES;
				PRODUCT_NAME = "$(TARGET_NAME)";
				SDKROOT = macosx;
				WRAPPER_EXTENSION = app;
			};
			name = Debug;
		};
		D39ABE1F13CA80D90078DA13 /* Release */ = {
			isa = XCBuildConfiguration;
			buildSettings = {
				ALWAYS_SEARCH_USER_PATHS = NO;
				CLANG_ENABLE_OBJC_ARC = YES;
				COMBINE_HIDPI_IMAGES = YES;
				COPY_PHASE_STRIP = YES;
				DEBUG_INFORMATION_FORMAT = "dwarf-with-dsym";
				GCC_ENABLE_OBJC_EXCEPTIONS = YES;
				GCC_VERSION = com.apple.compilers.llvm.clang.1_0;
				GCC_WARN_64_TO_32_BIT_CONVERSION = YES;
				INFOPLIST_FILE = "PDKeychainBindingsControllerOSXExample/PDKeychainBindingsControllerOSXExample-Info.plist";
				MACOSX_DEPLOYMENT_TARGET = 10.7;
				PRODUCT_NAME = "$(TARGET_NAME)";
				SDKROOT = macosx;
				WRAPPER_EXTENSION = app;
			};
			name = Release;
		};
		D39ABE2113CA80D90078DA13 /* Debug */ = {
			isa = XCBuildConfiguration;
			buildSettings = {
				ALWAYS_SEARCH_USER_PATHS = NO;
				COMBINE_HIDPI_IMAGES = YES;
				COPY_PHASE_STRIP = NO;
				FRAMEWORK_SEARCH_PATHS = (
					"$(DEVELOPER_LIBRARY_DIR)/Frameworks",
					"$(DEVELOPER_FRAMEWORKS_DIR)",
				);
				GCC_DYNAMIC_NO_PIC = NO;
				GCC_ENABLE_OBJC_EXCEPTIONS = YES;
				GCC_PRECOMPILE_PREFIX_HEADER = YES;
				GCC_PREFIX_HEADER = "PDKeychainBindingsControllerTests-Prefix.pch";
				GCC_VERSION = com.apple.compilers.llvm.clang.1_0;
				GCC_WARN_64_TO_32_BIT_CONVERSION = YES;
				INFOPLIST_FILE = "PDKeychainBindingsControllerTests-Info.plist";
				MACOSX_DEPLOYMENT_TARGET = 10.6;
				ONLY_ACTIVE_ARCH = YES;
				OTHER_LDFLAGS = (
					"-framework",
					SenTestingKit,
				);
				PRODUCT_NAME = "$(TARGET_NAME)";
				SDKROOT = macosx;
				WRAPPER_EXTENSION = octest;
			};
			name = Debug;
		};
		D39ABE2213CA80D90078DA13 /* Release */ = {
			isa = XCBuildConfiguration;
			buildSettings = {
				ALWAYS_SEARCH_USER_PATHS = NO;
				COMBINE_HIDPI_IMAGES = YES;
				COPY_PHASE_STRIP = YES;
				DEBUG_INFORMATION_FORMAT = "dwarf-with-dsym";
				FRAMEWORK_SEARCH_PATHS = (
					"$(DEVELOPER_LIBRARY_DIR)/Frameworks",
					"$(DEVELOPER_FRAMEWORKS_DIR)",
				);
				GCC_ENABLE_OBJC_EXCEPTIONS = YES;
				GCC_PRECOMPILE_PREFIX_HEADER = YES;
				GCC_PREFIX_HEADER = "PDKeychainBindingsControllerTests-Prefix.pch";
				GCC_VERSION = com.apple.compilers.llvm.clang.1_0;
				GCC_WARN_64_TO_32_BIT_CONVERSION = YES;
				INFOPLIST_FILE = "PDKeychainBindingsControllerTests-Info.plist";
				MACOSX_DEPLOYMENT_TARGET = 10.6;
				OTHER_LDFLAGS = (
					"-framework",
					SenTestingKit,
				);
				PRODUCT_NAME = "$(TARGET_NAME)";
				SDKROOT = macosx;
				WRAPPER_EXTENSION = octest;
			};
			name = Release;
		};
		D39ABE5813CA81090078DA13 /* Debug */ = {
			isa = XCBuildConfiguration;
			buildSettings = {
				ALWAYS_SEARCH_USER_PATHS = NO;
				"CODE_SIGN_IDENTITY[sdk=iphoneos*]" = "iPhone Developer";
				COPY_PHASE_STRIP = NO;
				GCC_DYNAMIC_NO_PIC = NO;
				GCC_PRECOMPILE_PREFIX_HEADER = YES;
				GCC_PREFIX_HEADER = "PDKeychainBindingsControlleriOSExample/PDKeychainBindingsControlleriOSExample-Prefix.pch";
				GCC_VERSION = com.apple.compilers.llvm.clang.1_0;
				INFOPLIST_FILE = "PDKeychainBindingsControlleriOSExample/PDKeychainBindingsControlleriOSExample-Info.plist";
				IPHONEOS_DEPLOYMENT_TARGET = 6.0;
				OTHER_LDFLAGS = (
					"-framework",
					Security,
				);
				PRODUCT_NAME = "$(TARGET_NAME)";
				WRAPPER_EXTENSION = app;
			};
			name = Debug;
		};
		D39ABE5913CA81090078DA13 /* Release */ = {
			isa = XCBuildConfiguration;
			buildSettings = {
				ALWAYS_SEARCH_USER_PATHS = NO;
				"CODE_SIGN_IDENTITY[sdk=iphoneos*]" = "iPhone Developer";
				COPY_PHASE_STRIP = YES;
				GCC_PRECOMPILE_PREFIX_HEADER = YES;
				GCC_PREFIX_HEADER = "PDKeychainBindingsControlleriOSExample/PDKeychainBindingsControlleriOSExample-Prefix.pch";
				GCC_VERSION = com.apple.compilers.llvm.clang.1_0;
				INFOPLIST_FILE = "PDKeychainBindingsControlleriOSExample/PDKeychainBindingsControlleriOSExample-Info.plist";
				IPHONEOS_DEPLOYMENT_TARGET = 6.0;
				OTHER_LDFLAGS = (
					"-framework",
					Security,
				);
				PRODUCT_NAME = "$(TARGET_NAME)";
				VALIDATE_PRODUCT = YES;
				WRAPPER_EXTENSION = app;
			};
			name = Release;
		};
		D39ABE5B13CA81090078DA13 /* Debug */ = {
			isa = XCBuildConfiguration;
			buildSettings = {
				ALWAYS_SEARCH_USER_PATHS = NO;
				BUNDLE_LOADER = "$(BUILT_PRODUCTS_DIR)/PDKeychainBindingsControlleriOSExample.app/PDKeychainBindingsControlleriOSExample";
				FRAMEWORK_SEARCH_PATHS = (
					"$(SDKROOT)/Developer/Library/Frameworks",
					"$(DEVELOPER_LIBRARY_DIR)/Frameworks",
					"$(DEVELOPER_FRAMEWORKS_DIR)",
				);
				GCC_PRECOMPILE_PREFIX_HEADER = YES;
				GCC_PREFIX_HEADER = "PDKeychainBindingsControlleriOSExampleTests/PDKeychainBindingsControlleriOSExampleTests-Prefix.pch";
				GCC_VERSION = com.apple.compilers.llvm.clang.1_0;
				INFOPLIST_FILE = "PDKeychainBindingsControllerTests-Info.plist";
				OTHER_LDFLAGS = (
					"-framework",
					SenTestingKit,
				);
				PRODUCT_NAME = "$(TARGET_NAME)";
				SDKROOT = iphoneos;
				TEST_HOST = "$(BUNDLE_LOADER)";
				WRAPPER_EXTENSION = octest;
			};
			name = Debug;
		};
		D39ABE5C13CA81090078DA13 /* Release */ = {
			isa = XCBuildConfiguration;
			buildSettings = {
				ALWAYS_SEARCH_USER_PATHS = NO;
				BUNDLE_LOADER = "$(BUILT_PRODUCTS_DIR)/PDKeychainBindingsControlleriOSExample.app/PDKeychainBindingsControlleriOSExample";
				FRAMEWORK_SEARCH_PATHS = (
					"$(SDKROOT)/Developer/Library/Frameworks",
					"$(DEVELOPER_LIBRARY_DIR)/Frameworks",
					"$(DEVELOPER_FRAMEWORKS_DIR)",
				);
				GCC_PRECOMPILE_PREFIX_HEADER = YES;
				GCC_PREFIX_HEADER = "PDKeychainBindingsControlleriOSExampleTests/PDKeychainBindingsControlleriOSExampleTests-Prefix.pch";
				GCC_VERSION = com.apple.compilers.llvm.clang.1_0;
				INFOPLIST_FILE = "PDKeychainBindingsControllerTests-Info.plist";
				OTHER_LDFLAGS = (
					"-framework",
					SenTestingKit,
				);
				PRODUCT_NAME = "$(TARGET_NAME)";
				SDKROOT = iphoneos;
				TEST_HOST = "$(BUNDLE_LOADER)";
				WRAPPER_EXTENSION = octest;
			};
			name = Release;
		};
/* End XCBuildConfiguration section */

/* Begin XCConfigurationList section */
		D39ABDA813CA80B50078DA13 /* Build configuration list for PBXProject "PDKeychainBindingsController" */ = {
			isa = XCConfigurationList;
			buildConfigurations = (
				D39ABDE313CA80B50078DA13 /* Debug */,
				D39ABDE413CA80B50078DA13 /* Release */,
			);
			defaultConfigurationIsVisible = 0;
			defaultConfigurationName = Release;
		};
		D39ABE1D13CA80D90078DA13 /* Build configuration list for PBXNativeTarget "PDKeychainBCOSXExample" */ = {
			isa = XCConfigurationList;
			buildConfigurations = (
				D39ABE1E13CA80D90078DA13 /* Debug */,
				D39ABE1F13CA80D90078DA13 /* Release */,
			);
			defaultConfigurationIsVisible = 0;
			defaultConfigurationName = Release;
		};
		D39ABE2013CA80D90078DA13 /* Build configuration list for PBXNativeTarget "PDKeychainBCOSXTests" */ = {
			isa = XCConfigurationList;
			buildConfigurations = (
				D39ABE2113CA80D90078DA13 /* Debug */,
				D39ABE2213CA80D90078DA13 /* Release */,
			);
			defaultConfigurationIsVisible = 0;
			defaultConfigurationName = Release;
		};
		D39ABE5713CA81090078DA13 /* Build configuration list for PBXNativeTarget "PDKeychainBCiOSExample" */ = {
			isa = XCConfigurationList;
			buildConfigurations = (
				D39ABE5813CA81090078DA13 /* Debug */,
				D39ABE5913CA81090078DA13 /* Release */,
			);
			defaultConfigurationIsVisible = 0;
			defaultConfigurationName = Release;
		};
		D39ABE5A13CA81090078DA13 /* Build configuration list for PBXNativeTarget "PDKeychainBCiOSTests" */ = {
			isa = XCConfigurationList;
			buildConfigurations = (
				D39ABE5B13CA81090078DA13 /* Debug */,
				D39ABE5C13CA81090078DA13 /* Release */,
			);
			defaultConfigurationIsVisible = 0;
			defaultConfigurationName = Release;
		};
/* End XCConfigurationList section */
	};
	rootObject = D39ABDA513CA80B50078DA13 /* Project object */;
}
